
Microsoft Visual Studio Solution File, Format Version 11.00
# Visual Studio 2010
Project("{FAE04EC0-301F-11D3-BF4B-00C04F79EFBC}") = "HttPardon", "HttPardon\HttPardon.csproj", "{A81A7D4E-8233-40DD-9C0C-68D969F672FC}"
EndProject
Project("{FAE04EC0-301F-11D3-BF4B-00C04F79EFBC}") = "HttPardon.Specifications", "HttPardon.Tests\HttPardon.Specifications.csproj", "{5915B970-9267-4FCC-BD7A-A1CB7ABC8381}"
EndProject
Project("{FAE04EC0-301F-11D3-BF4B-00C04F79EFBC}") = "Wut", "Wut\Wut.csproj", "{5B09A24D-0DAD-4B48-AB63-60585C0EB8BA}"
EndProject
Project("{2150E333-8FDC-42A3-9474-1A3956D46DE8}") = "Specifications", "Specifications", "{381F7758-9FE0-418A-AE7C-7B76AC66F89C}"
EndProject
Global
	GlobalSection(SolutionConfigurationPlatforms) = preSolution
		Debug|Any CPU = Debug|Any CPU
		Release|Any CPU = Release|Any CPU
	EndGlobalSection
	GlobalSection(ProjectConfigurationPlatforms) = postSolution
		{A81A7D4E-8233-40DD-9C0C-68D969F672FC}.Debug|Any CPU.ActiveCfg = Debug|Any CPU
		{A81A7D4E-8233-40DD-9C0C-68D969F672FC}.Debug|Any CPU.Build.0 = Debug|Any CPU
		{A81A7D4E-8233-40DD-9C0C-68D969F672FC}.Release|Any CPU.ActiveCfg = Release|Any CPU
		{A81A7D4E-8233-40DD-9C0C-68D969F672FC}.Release|Any CPU.Build.0 = Release|Any CPU
		{5915B970-9267-4FCC-BD7A-A1CB7ABC8381}.Debug|Any CPU.ActiveCfg = Debug|Any CPU
		{5915B970-9267-4FCC-BD7A-A1CB7ABC8381}.Debug|Any CPU.Build.0 = Debug|Any CPU
		{5915B970-9267-4FCC-BD7A-A1CB7ABC8381}.Release|Any CPU.ActiveCfg = Release|Any CPU
		{5915B970-9267-4FCC-BD7A-A1CB7ABC8381}.Release|Any CPU.Build.0 = Release|Any CPU
		{5B09A24D-0DAD-4B48-AB63-60585C0EB8BA}.Debug|Any CPU.ActiveCfg = Debug|Any CPU
		{5B09A24D-0DAD-4B48-AB63-60585C0EB8BA}.Debug|Any CPU.Build.0 = Debug|Any CPU
		{5B09A24D-0DAD-4B48-AB63-60585C0EB8BA}.Release|Any CPU.ActiveCfg = Release|Any CPU
		{5B09A24D-0DAD-4B48-AB63-60585C0EB8BA}.Release|Any CPU.Build.0 = Release|Any CPU
	EndGlobalSection
	GlobalSection(SolutionProperties) = preSolution
		HideSolutionNode = FALSE
	EndGlobalSection
	GlobalSection(NestedProjects) = preSolution
		{5915B970-9267-4FCC-BD7A-A1CB7ABC8381} = {381F7758-9FE0-418A-AE7C-7B76AC66F89C}
	EndGlobalSection
EndGlobal
